
Microsoft Visual Studio Solution File, Format Version 12.00
Project("{FAE04EC0-301F-11D3-BF4B-00C04F79EFBC}") = "EFC.App", "EFC.App\EFC.App.csproj", "{E0F19DA9-278C-430B-B4AF-F98925802722}"
EndProject
Project("{FAE04EC0-301F-11D3-BF4B-00C04F79EFBC}") = "EFC.DataAccess", "EFC.DataAccess\EFC.DataAccess.csproj", "{6AB2FBA3-D426-4716-8D52-6DF7CA03EBAB}"
EndProject
Project("{FAE04EC0-301F-11D3-BF4B-00C04F79EFBC}") = "EFC.Domain", "EFC.Domain\EFC.Domain.csproj", "{181D2335-4A9E-4C73-8A44-5115F9F5232D}"
EndProject
Project("{FAE04EC0-301F-11D3-BF4B-00C04F79EFBC}") = "EFC.IntegrationTests", "EFC.IntegrationTests\EFC.IntegrationTests.csproj", "{F4D272D3-749D-45FD-BAF2-E9AA768A1488}"
EndProject
Project("{FAE04EC0-301F-11D3-BF4B-00C04F79EFBC}") = "EFC.UnitTests", "EFC.UnitTests\EFC.UnitTests.csproj", "{71FF73C2-B352-417E-895F-70AA66FA260E}"
EndProject
Global
	GlobalSection(SolutionConfigurationPlatforms) = preSolution
		Debug|Any CPU = Debug|Any CPU
		Release|Any CPU = Release|Any CPU
	EndGlobalSection
	GlobalSection(ProjectConfigurationPlatforms) = postSolution
		{E0F19DA9-278C-430B-B4AF-F98925802722}.Debug|Any CPU.ActiveCfg = Debug|Any CPU
		{E0F19DA9-278C-430B-B4AF-F98925802722}.Debug|Any CPU.Build.0 = Debug|Any CPU
		{E0F19DA9-278C-430B-B4AF-F98925802722}.Release|Any CPU.ActiveCfg = Release|Any CPU
		{E0F19DA9-278C-430B-B4AF-F98925802722}.Release|Any CPU.Build.0 = Release|Any CPU
		{6AB2FBA3-D426-4716-8D52-6DF7CA03EBAB}.Debug|Any CPU.ActiveCfg = Debug|Any CPU
		{6AB2FBA3-D426-4716-8D52-6DF7CA03EBAB}.Debug|Any CPU.Build.0 = Debug|Any CPU
		{6AB2FBA3-D426-4716-8D52-6DF7CA03EBAB}.Release|Any CPU.ActiveCfg = Release|Any CPU
		{6AB2FBA3-D426-4716-8D52-6DF7CA03EBAB}.Release|Any CPU.Build.0 = Release|Any CPU
		{181D2335-4A9E-4C73-8A44-5115F9F5232D}.Debug|Any CPU.ActiveCfg = Debug|Any CPU
		{181D2335-4A9E-4C73-8A44-5115F9F5232D}.Debug|Any CPU.Build.0 = Debug|Any CPU
		{181D2335-4A9E-4C73-8A44-5115F9F5232D}.Release|Any CPU.ActiveCfg = Release|Any CPU
		{181D2335-4A9E-4C73-8A44-5115F9F5232D}.Release|Any CPU.Build.0 = Release|Any CPU
		{F4D272D3-749D-45FD-BAF2-E9AA768A1488}.Debug|Any CPU.ActiveCfg = Debug|Any CPU
		{F4D272D3-749D-45FD-BAF2-E9AA768A1488}.Debug|Any CPU.Build.0 = Debug|Any CPU
		{F4D272D3-749D-45FD-BAF2-E9AA768A1488}.Release|Any CPU.ActiveCfg = Release|Any CPU
		{F4D272D3-749D-45FD-BAF2-E9AA768A1488}.Release|Any CPU.Build.0 = Release|Any CPU
		{71FF73C2-B352-417E-895F-70AA66FA260E}.Debug|Any CPU.ActiveCfg = Debug|Any CPU
		{71FF73C2-B352-417E-895F-70AA66FA260E}.Debug|Any CPU.Build.0 = Debug|Any CPU
		{71FF73C2-B352-417E-895F-70AA66FA260E}.Release|Any CPU.ActiveCfg = Release|Any CPU
		{71FF73C2-B352-417E-895F-70AA66FA260E}.Release|Any CPU.Build.0 = Release|Any CPU
	EndGlobalSection
EndGlobal
